{
  "name": "@sayanmohsin/nice-code",
  "version": "0.3.0",
  "lockfileVersion": 3,
  "requires": true,
  "packages": {
    "": {
      "name": "@sayanmohsin/nice-code",
      "version": "0.3.0",
      "license": "MIT",
      "bin": {
        "nice-code": "scripts/nice-code.mjs"
      },
      "engines": {
        "node": ">=20"
      }
    }
  }
}
